
Microsoft Visual Studio Solution File, Format Version 10.00
# Visual Studio 2008
Project("{2150E333-8FDC-42A3-9474-1A3956D46DE8}") = "Client", "Client", "{6F0C5B43-A131-4D7F-9C74-0643FD0BC9E0}"
EndProject
Project("{2150E333-8FDC-42A3-9474-1A3956D46DE8}") = "Net", "Net", "{FCDBDED9-F73A-47EF-8778-468A5CFBEC04}"
EndProject
Project("{2150E333-8FDC-42A3-9474-1A3956D46DE8}") = "Server", "Server", "{E8E0B9D0-B2D4-43F9-BFEF-E06B75498540}"
EndProject
Project("{8BC9CEB8-8B4A-11D0-8D11-00A0C91BC942}") = "Client.Core", "Client\Core\Client.Core.vcproj", "{B8113F75-A5EF-434B-9A63-60F22115F60F}"
EndProject
Project("{8BC9CEB8-8B4A-11D0-8D11-00A0C91BC942}") = "Client.Launcher", "Client\Launcher\Client.Launcher.vcproj", "{7E4883E3-6BC8-4F4C-B189-5CAD30796186}"
EndProject
Project("{8BC9CEB8-8B4A-11D0-8D11-00A0C91BC942}") = "Client.LaunchHelper", "Client\LaunchHelper\Client.LaunchHelper.vcproj", "{FDEC292B-DCC8-4D10-8A11-1700099BC31B}"
EndProject
Project("{8BC9CEB8-8B4A-11D0-8D11-00A0C91BC942}") = "Net.Core", "Net\Core\Net.Core.vcproj", "{AF4DE4BA-2C45-476F-BF44-BFE4C69B71FE}"
EndProject
Project("{8BC9CEB8-8B4A-11D0-8D11-00A0C91BC942}") = "Server.Launcher", "Server\Launcher\Server.Launcher.vcproj", "{80B4AA5D-E2C1-4FD7-8CBB-AD1BEEA46C23}"
EndProject
Project("{8BC9CEB8-8B4A-11D0-8D11-00A0C91BC942}") = "Server.Core", "Server\Core\Server.Core.vcproj", "{F1233B8F-5386-487F-9C06-F8501A7EA338}"
EndProject
Global
	GlobalSection(SolutionConfigurationPlatforms) = preSolution
		Debug|Win32 = Debug|Win32
		Release|Win32 = Release|Win32
	EndGlobalSection
	GlobalSection(ProjectConfigurationPlatforms) = postSolution
		{B8113F75-A5EF-434B-9A63-60F22115F60F}.Debug|Win32.ActiveCfg = Debug|Win32
		{B8113F75-A5EF-434B-9A63-60F22115F60F}.Debug|Win32.Build.0 = Debug|Win32
		{B8113F75-A5EF-434B-9A63-60F22115F60F}.Release|Win32.ActiveCfg = Release|Win32
		{B8113F75-A5EF-434B-9A63-60F22115F60F}.Release|Win32.Build.0 = Release|Win32
		{7E4883E3-6BC8-4F4C-B189-5CAD30796186}.Debug|Win32.ActiveCfg = Debug|Win32
		{7E4883E3-6BC8-4F4C-B189-5CAD30796186}.Debug|Win32.Build.0 = Debug|Win32
		{7E4883E3-6BC8-4F4C-B189-5CAD30796186}.Release|Win32.ActiveCfg = Release|Win32
		{7E4883E3-6BC8-4F4C-B189-5CAD30796186}.Release|Win32.Build.0 = Release|Win32
		{FDEC292B-DCC8-4D10-8A11-1700099BC31B}.Debug|Win32.ActiveCfg = Debug|Win32
		{FDEC292B-DCC8-4D10-8A11-1700099BC31B}.Debug|Win32.Build.0 = Debug|Win32
		{FDEC292B-DCC8-4D10-8A11-1700099BC31B}.Release|Win32.ActiveCfg = Release|Win32
		{FDEC292B-DCC8-4D10-8A11-1700099BC31B}.Release|Win32.Build.0 = Release|Win32
		{AF4DE4BA-2C45-476F-BF44-BFE4C69B71FE}.Debug|Win32.ActiveCfg = Debug|Win32
		{AF4DE4BA-2C45-476F-BF44-BFE4C69B71FE}.Debug|Win32.Build.0 = Debug|Win32
		{AF4DE4BA-2C45-476F-BF44-BFE4C69B71FE}.Release|Win32.ActiveCfg = Release|Win32
		{AF4DE4BA-2C45-476F-BF44-BFE4C69B71FE}.Release|Win32.Build.0 = Release|Win32
		{80B4AA5D-E2C1-4FD7-8CBB-AD1BEEA46C23}.Debug|Win32.ActiveCfg = Debug|Win32
		{80B4AA5D-E2C1-4FD7-8CBB-AD1BEEA46C23}.Debug|Win32.Build.0 = Debug|Win32
		{80B4AA5D-E2C1-4FD7-8CBB-AD1BEEA46C23}.Release|Win32.ActiveCfg = Release|Win32
		{80B4AA5D-E2C1-4FD7-8CBB-AD1BEEA46C23}.Release|Win32.Build.0 = Release|Win32
		{F1233B8F-5386-487F-9C06-F8501A7EA338}.Debug|Win32.ActiveCfg = Debug|Win32
		{F1233B8F-5386-487F-9C06-F8501A7EA338}.Debug|Win32.Build.0 = Debug|Win32
		{F1233B8F-5386-487F-9C06-F8501A7EA338}.Release|Win32.ActiveCfg = Release|Win32
		{F1233B8F-5386-487F-9C06-F8501A7EA338}.Release|Win32.Build.0 = Release|Win32
	EndGlobalSection
	GlobalSection(SolutionProperties) = preSolution
		HideSolutionNode = FALSE
	EndGlobalSection
	GlobalSection(NestedProjects) = preSolution
		{B8113F75-A5EF-434B-9A63-60F22115F60F} = {6F0C5B43-A131-4D7F-9C74-0643FD0BC9E0}
		{7E4883E3-6BC8-4F4C-B189-5CAD30796186} = {6F0C5B43-A131-4D7F-9C74-0643FD0BC9E0}
		{FDEC292B-DCC8-4D10-8A11-1700099BC31B} = {6F0C5B43-A131-4D7F-9C74-0643FD0BC9E0}
		{AF4DE4BA-2C45-476F-BF44-BFE4C69B71FE} = {FCDBDED9-F73A-47EF-8778-468A5CFBEC04}
		{80B4AA5D-E2C1-4FD7-8CBB-AD1BEEA46C23} = {E8E0B9D0-B2D4-43F9-BFEF-E06B75498540}
		{F1233B8F-5386-487F-9C06-F8501A7EA338} = {E8E0B9D0-B2D4-43F9-BFEF-E06B75498540}
	EndGlobalSection
EndGlobal
