
Microsoft Visual Studio Solution File, Format Version 10.00
# Visual Studio 2008
Project("{2150E333-8FDC-42A3-9474-1A3956D46DE8}") = "Client", "Client", "{6F0C5B43-A131-4D7F-9C74-0643FD0BC9E0}"
EndProject
Project("{2150E333-8FDC-42A3-9474-1A3956D46DE8}") = "Network", "Network", "{FCDBDED9-F73A-47EF-8778-468A5CFBEC04}"
EndProject
Project("{2150E333-8FDC-42A3-9474-1A3956D46DE8}") = "Server", "Server", "{E8E0B9D0-B2D4-43F9-BFEF-E06B75498540}"
EndProject
Project("{8BC9CEB8-8B4A-11D0-8D11-00A0C91BC942}") = "Client.Core", "Client\Core\Client.Core.vcproj", "{B8113F75-A5EF-434B-9A63-60F22115F60F}"
EndProject
Project("{8BC9CEB8-8B4A-11D0-8D11-00A0C91BC942}") = "Client.Launcher", "Client\Launcher\Client.Launcher.vcproj", "{7E4883E3-6BC8-4F4C-B189-5CAD30796186}"
EndProject
Project("{8BC9CEB8-8B4A-11D0-8D11-00A0C91BC942}") = "Client.LaunchHelper", "Client\LaunchHelper\Client.LaunchHelper.vcproj", "{FDEC292B-DCC8-4D10-8A11-1700099BC31B}"
EndProject
Project("{8BC9CEB8-8B4A-11D0-8D11-00A0C91BC942}") = "Network.Core", "Network\Core\Network.Core.vcproj", "{AF4DE4BA-2C45-476F-BF44-BFE4C69B71FE}"
EndProject
Project("{8BC9CEB8-8B4A-11D0-8D11-00A0C91BC942}") = "Server.Launcher", "Server\Launcher\Server.Launcher.vcproj", "{80B4AA5D-E2C1-4FD7-8CBB-AD1BEEA46C23}"
EndProject
Project("{8BC9CEB8-8B4A-11D0-8D11-00A0C91BC942}") = "Server.Core", "Server\Core\Server.Core.vcproj", "{F1233B8F-5386-487F-9C06-F8501A7EA338}"
EndProject
Project("{8BC9CEB8-8B4A-11D0-8D11-00A0C91BC942}") = "Client.GUI", "Client\GUI\Client.GUI.vcproj", "{FE08605D-B0CD-4F28-8627-9A8F806B649D}"
EndProject
Project("{2150E333-8FDC-42A3-9474-1A3956D46DE8}") = "Dependencies", "Dependencies", "{DD59F0A0-5FDA-4A2C-9D73-DF09B565211A}"
EndProject
Project("{2150E333-8FDC-42A3-9474-1A3956D46DE8}") = "CEGUI", "CEGUI", "{C1666F97-F431-4959-855B-5CD2EE915946}"
EndProject
Project("{8BC9CEB8-8B4A-11D0-8D11-00A0C91BC942}") = "expat_static", "Client\GUI\CEGUI\dependencies\expat-2.0.1\expat_static.vcproj", "{0757FC7D-A029-4C29-B806-9CC05DC384A1}"
EndProject
Project("{8BC9CEB8-8B4A-11D0-8D11-00A0C91BC942}") = "libjpeg", "Client\GUI\CEGUI\dependencies\jpeg-6b\projects\libjpeg.vcproj", "{D0DA3016-67C0-4CD8-BAD1-2D122AC2D29D}"
EndProject
Project("{8BC9CEB8-8B4A-11D0-8D11-00A0C91BC942}") = "libpng", "Client\GUI\CEGUI\dependencies\lpng142\projects\libpng.vcproj", "{21DB5D0C-2F40-4D79-BE75-021E3D35B2F9}"
EndProject
Project("{8BC9CEB8-8B4A-11D0-8D11-00A0C91BC942}") = "SILLY", "Client\GUI\CEGUI\dependencies\SILLY-0.1.0\SILLY.vcproj", "{38F8D6D1-8D5D-4543-9C7E-23AE0DE3A1E0}"
EndProject
Project("{8BC9CEB8-8B4A-11D0-8D11-00A0C91BC942}") = "zlib", "Client\GUI\CEGUI\dependencies\zlib-1.2.5\projects\zlib.vcproj", "{9006D124-5D00-4CB7-BAD9-F527B19502C9}"
EndProject
Project("{8BC9CEB8-8B4A-11D0-8D11-00A0C91BC942}") = "CEGUIBase", "Client\GUI\CEGUI\projects\BaseSystem\CEGUIBase.vcproj", "{E2161EDF-8018-7947-8675-A82F7551FF79}"
EndProject
Project("{8BC9CEB8-8B4A-11D0-8D11-00A0C91BC942}") = "CEGUISILLYImageCodec", "Client\GUI\CEGUI\projects\ImageCodecModules\SILLYImageCodec\CEGUISILLYImageCodec.vcproj", "{C17B5817-420A-CA4B-A002-DDA318AC0C15}"
EndProject
Project("{8BC9CEB8-8B4A-11D0-8D11-00A0C91BC942}") = "CEGUIDirect3D9Renderer", "Client\GUI\CEGUI\projects\RendererModules\Direct3D9\CEGUIDirect3D9Renderer.vcproj", "{4636D9C9-6C2C-454D-93E2-E67AC0C92946}"
EndProject
Project("{8BC9CEB8-8B4A-11D0-8D11-00A0C91BC942}") = "CEGUIFalagardWRBase", "Client\GUI\CEGUI\projects\WindowRendererSets\Falagard\CEGUIFalagardWRBase.vcproj", "{6AE6A6E4-B420-8A43-A9A0-85734C0A6823}"
EndProject
Project("{8BC9CEB8-8B4A-11D0-8D11-00A0C91BC942}") = "CEGUIExpatParser", "Client\GUI\CEGUI\projects\XMLParserModules\expatParser\CEGUIExpatParser.vcproj", "{4D2AFB70-0048-164B-909E-86AB43E40921}"
EndProject
Global
	GlobalSection(SolutionConfigurationPlatforms) = preSolution
		Debug|Win32 = Debug|Win32
		Release|Win32 = Release|Win32
	EndGlobalSection
	GlobalSection(ProjectConfigurationPlatforms) = postSolution
		{B8113F75-A5EF-434B-9A63-60F22115F60F}.Debug|Win32.ActiveCfg = Debug|Win32
		{B8113F75-A5EF-434B-9A63-60F22115F60F}.Debug|Win32.Build.0 = Debug|Win32
		{B8113F75-A5EF-434B-9A63-60F22115F60F}.Release|Win32.ActiveCfg = Release|Win32
		{B8113F75-A5EF-434B-9A63-60F22115F60F}.Release|Win32.Build.0 = Release|Win32
		{7E4883E3-6BC8-4F4C-B189-5CAD30796186}.Debug|Win32.ActiveCfg = Debug|Win32
		{7E4883E3-6BC8-4F4C-B189-5CAD30796186}.Debug|Win32.Build.0 = Debug|Win32
		{7E4883E3-6BC8-4F4C-B189-5CAD30796186}.Release|Win32.ActiveCfg = Release|Win32
		{7E4883E3-6BC8-4F4C-B189-5CAD30796186}.Release|Win32.Build.0 = Release|Win32
		{FDEC292B-DCC8-4D10-8A11-1700099BC31B}.Debug|Win32.ActiveCfg = Debug|Win32
		{FDEC292B-DCC8-4D10-8A11-1700099BC31B}.Debug|Win32.Build.0 = Debug|Win32
		{FDEC292B-DCC8-4D10-8A11-1700099BC31B}.Release|Win32.ActiveCfg = Release|Win32
		{FDEC292B-DCC8-4D10-8A11-1700099BC31B}.Release|Win32.Build.0 = Release|Win32
		{AF4DE4BA-2C45-476F-BF44-BFE4C69B71FE}.Debug|Win32.ActiveCfg = Debug|Win32
		{AF4DE4BA-2C45-476F-BF44-BFE4C69B71FE}.Debug|Win32.Build.0 = Debug|Win32
		{AF4DE4BA-2C45-476F-BF44-BFE4C69B71FE}.Release|Win32.ActiveCfg = Release|Win32
		{AF4DE4BA-2C45-476F-BF44-BFE4C69B71FE}.Release|Win32.Build.0 = Release|Win32
		{80B4AA5D-E2C1-4FD7-8CBB-AD1BEEA46C23}.Debug|Win32.ActiveCfg = Debug|Win32
		{80B4AA5D-E2C1-4FD7-8CBB-AD1BEEA46C23}.Debug|Win32.Build.0 = Debug|Win32
		{80B4AA5D-E2C1-4FD7-8CBB-AD1BEEA46C23}.Release|Win32.ActiveCfg = Release|Win32
		{80B4AA5D-E2C1-4FD7-8CBB-AD1BEEA46C23}.Release|Win32.Build.0 = Release|Win32
		{F1233B8F-5386-487F-9C06-F8501A7EA338}.Debug|Win32.ActiveCfg = Debug|Win32
		{F1233B8F-5386-487F-9C06-F8501A7EA338}.Debug|Win32.Build.0 = Debug|Win32
		{F1233B8F-5386-487F-9C06-F8501A7EA338}.Release|Win32.ActiveCfg = Release|Win32
		{F1233B8F-5386-487F-9C06-F8501A7EA338}.Release|Win32.Build.0 = Release|Win32
		{FE08605D-B0CD-4F28-8627-9A8F806B649D}.Debug|Win32.ActiveCfg = Debug|Win32
		{FE08605D-B0CD-4F28-8627-9A8F806B649D}.Debug|Win32.Build.0 = Debug|Win32
		{FE08605D-B0CD-4F28-8627-9A8F806B649D}.Release|Win32.ActiveCfg = Release|Win32
		{FE08605D-B0CD-4F28-8627-9A8F806B649D}.Release|Win32.Build.0 = Release|Win32
		{0757FC7D-A029-4C29-B806-9CC05DC384A1}.Debug|Win32.ActiveCfg = Debug|Win32
		{0757FC7D-A029-4C29-B806-9CC05DC384A1}.Debug|Win32.Build.0 = Debug|Win32
		{0757FC7D-A029-4C29-B806-9CC05DC384A1}.Release|Win32.ActiveCfg = Release|Win32
		{0757FC7D-A029-4C29-B806-9CC05DC384A1}.Release|Win32.Build.0 = Release|Win32
		{D0DA3016-67C0-4CD8-BAD1-2D122AC2D29D}.Debug|Win32.ActiveCfg = Debug|Win32
		{D0DA3016-67C0-4CD8-BAD1-2D122AC2D29D}.Debug|Win32.Build.0 = Debug|Win32
		{D0DA3016-67C0-4CD8-BAD1-2D122AC2D29D}.Release|Win32.ActiveCfg = Release|Win32
		{D0DA3016-67C0-4CD8-BAD1-2D122AC2D29D}.Release|Win32.Build.0 = Release|Win32
		{21DB5D0C-2F40-4D79-BE75-021E3D35B2F9}.Debug|Win32.ActiveCfg = Debug|Win32
		{21DB5D0C-2F40-4D79-BE75-021E3D35B2F9}.Debug|Win32.Build.0 = Debug|Win32
		{21DB5D0C-2F40-4D79-BE75-021E3D35B2F9}.Release|Win32.ActiveCfg = Release|Win32
		{21DB5D0C-2F40-4D79-BE75-021E3D35B2F9}.Release|Win32.Build.0 = Release|Win32
		{38F8D6D1-8D5D-4543-9C7E-23AE0DE3A1E0}.Debug|Win32.ActiveCfg = Debug|Win32
		{38F8D6D1-8D5D-4543-9C7E-23AE0DE3A1E0}.Debug|Win32.Build.0 = Debug|Win32
		{38F8D6D1-8D5D-4543-9C7E-23AE0DE3A1E0}.Release|Win32.ActiveCfg = Release|Win32
		{38F8D6D1-8D5D-4543-9C7E-23AE0DE3A1E0}.Release|Win32.Build.0 = Release|Win32
		{9006D124-5D00-4CB7-BAD9-F527B19502C9}.Debug|Win32.ActiveCfg = Debug|Win32
		{9006D124-5D00-4CB7-BAD9-F527B19502C9}.Debug|Win32.Build.0 = Debug|Win32
		{9006D124-5D00-4CB7-BAD9-F527B19502C9}.Release|Win32.ActiveCfg = Release|Win32
		{9006D124-5D00-4CB7-BAD9-F527B19502C9}.Release|Win32.Build.0 = Release|Win32
		{E2161EDF-8018-7947-8675-A82F7551FF79}.Debug|Win32.ActiveCfg = Debug|Win32
		{E2161EDF-8018-7947-8675-A82F7551FF79}.Debug|Win32.Build.0 = Debug|Win32
		{E2161EDF-8018-7947-8675-A82F7551FF79}.Release|Win32.ActiveCfg = Release|Win32
		{E2161EDF-8018-7947-8675-A82F7551FF79}.Release|Win32.Build.0 = Release|Win32
		{C17B5817-420A-CA4B-A002-DDA318AC0C15}.Debug|Win32.ActiveCfg = Debug|Win32
		{C17B5817-420A-CA4B-A002-DDA318AC0C15}.Debug|Win32.Build.0 = Debug|Win32
		{C17B5817-420A-CA4B-A002-DDA318AC0C15}.Release|Win32.ActiveCfg = Release|Win32
		{C17B5817-420A-CA4B-A002-DDA318AC0C15}.Release|Win32.Build.0 = Release|Win32
		{4636D9C9-6C2C-454D-93E2-E67AC0C92946}.Debug|Win32.ActiveCfg = Debug|Win32
		{4636D9C9-6C2C-454D-93E2-E67AC0C92946}.Debug|Win32.Build.0 = Debug|Win32
		{4636D9C9-6C2C-454D-93E2-E67AC0C92946}.Release|Win32.ActiveCfg = Release|Win32
		{4636D9C9-6C2C-454D-93E2-E67AC0C92946}.Release|Win32.Build.0 = Release|Win32
		{6AE6A6E4-B420-8A43-A9A0-85734C0A6823}.Debug|Win32.ActiveCfg = Debug|Win32
		{6AE6A6E4-B420-8A43-A9A0-85734C0A6823}.Debug|Win32.Build.0 = Debug|Win32
		{6AE6A6E4-B420-8A43-A9A0-85734C0A6823}.Release|Win32.ActiveCfg = Release|Win32
		{6AE6A6E4-B420-8A43-A9A0-85734C0A6823}.Release|Win32.Build.0 = Release|Win32
		{4D2AFB70-0048-164B-909E-86AB43E40921}.Debug|Win32.ActiveCfg = Debug|Win32
		{4D2AFB70-0048-164B-909E-86AB43E40921}.Debug|Win32.Build.0 = Debug|Win32
		{4D2AFB70-0048-164B-909E-86AB43E40921}.Release|Win32.ActiveCfg = Release|Win32
		{4D2AFB70-0048-164B-909E-86AB43E40921}.Release|Win32.Build.0 = Release|Win32
	EndGlobalSection
	GlobalSection(SolutionProperties) = preSolution
		HideSolutionNode = FALSE
	EndGlobalSection
	GlobalSection(NestedProjects) = preSolution
		{B8113F75-A5EF-434B-9A63-60F22115F60F} = {6F0C5B43-A131-4D7F-9C74-0643FD0BC9E0}
		{7E4883E3-6BC8-4F4C-B189-5CAD30796186} = {6F0C5B43-A131-4D7F-9C74-0643FD0BC9E0}
		{FDEC292B-DCC8-4D10-8A11-1700099BC31B} = {6F0C5B43-A131-4D7F-9C74-0643FD0BC9E0}
		{FE08605D-B0CD-4F28-8627-9A8F806B649D} = {6F0C5B43-A131-4D7F-9C74-0643FD0BC9E0}
		{AF4DE4BA-2C45-476F-BF44-BFE4C69B71FE} = {FCDBDED9-F73A-47EF-8778-468A5CFBEC04}
		{80B4AA5D-E2C1-4FD7-8CBB-AD1BEEA46C23} = {E8E0B9D0-B2D4-43F9-BFEF-E06B75498540}
		{F1233B8F-5386-487F-9C06-F8501A7EA338} = {E8E0B9D0-B2D4-43F9-BFEF-E06B75498540}
		{C1666F97-F431-4959-855B-5CD2EE915946} = {DD59F0A0-5FDA-4A2C-9D73-DF09B565211A}
		{0757FC7D-A029-4C29-B806-9CC05DC384A1} = {DD59F0A0-5FDA-4A2C-9D73-DF09B565211A}
		{D0DA3016-67C0-4CD8-BAD1-2D122AC2D29D} = {DD59F0A0-5FDA-4A2C-9D73-DF09B565211A}
		{21DB5D0C-2F40-4D79-BE75-021E3D35B2F9} = {DD59F0A0-5FDA-4A2C-9D73-DF09B565211A}
		{38F8D6D1-8D5D-4543-9C7E-23AE0DE3A1E0} = {DD59F0A0-5FDA-4A2C-9D73-DF09B565211A}
		{9006D124-5D00-4CB7-BAD9-F527B19502C9} = {DD59F0A0-5FDA-4A2C-9D73-DF09B565211A}
		{E2161EDF-8018-7947-8675-A82F7551FF79} = {C1666F97-F431-4959-855B-5CD2EE915946}
		{C17B5817-420A-CA4B-A002-DDA318AC0C15} = {C1666F97-F431-4959-855B-5CD2EE915946}
		{4636D9C9-6C2C-454D-93E2-E67AC0C92946} = {C1666F97-F431-4959-855B-5CD2EE915946}
		{6AE6A6E4-B420-8A43-A9A0-85734C0A6823} = {C1666F97-F431-4959-855B-5CD2EE915946}
		{4D2AFB70-0048-164B-909E-86AB43E40921} = {C1666F97-F431-4959-855B-5CD2EE915946}
	EndGlobalSection
EndGlobal
